// !$*UTF8*$!
{
	archiveVersion = 1;
	classes = {
	};
	objectVersion = 46;
	objects = {

/* Begin PBXBuildFile section */
		0AA78CC51CA6CBA700644D5C /* AppDelegate.swift in Sources */ = {isa = PBXBuildFile; fileRef = 0AA78CC41CA6CBA700644D5C /* AppDelegate.swift */; };
		0AA78CC71CA6CBA700644D5C /* ViewController.swift in Sources */ = {isa = PBXBuildFile; fileRef = 0AA78CC61CA6CBA700644D5C /* ViewController.swift */; };
		0AA78CCA1CA6CBA700644D5C /* Main.storyboard in Resources */ = {isa = PBXBuildFile; fileRef = 0AA78CC81CA6CBA700644D5C /* Main.storyboard */; };
		0AA78CCC1CA6CBA700644D5C /* Assets.xcassets in Resources */ = {isa = PBXBuildFile; fileRef = 0AA78CCB1CA6CBA700644D5C /* Assets.xcassets */; };
		0AA78CCF1CA6CBA700644D5C /* LaunchScreen.storyboard in Resources */ = {isa = PBXBuildFile; fileRef = 0AA78CCD1CA6CBA700644D5C /* LaunchScreen.storyboard */; };
		0AA78CDB1CA6DB3500644D5C /* Boundaries.swift in Sources */ = {isa = PBXBuildFile; fileRef = 0AA78CDA1CA6DB3500644D5C /* Boundaries.swift */; };
		0AA78CDD1CA6E05A00644D5C /* DisplayCell.swift in Sources */ = {isa = PBXBuildFile; fileRef = 0AA78CDC1CA6E05A00644D5C /* DisplayCell.swift */; };
		0AA78CDF1CA6E0B500644D5C /* Model.swift in Sources */ = {isa = PBXBuildFile; fileRef = 0AA78CDE1CA6E0B500644D5C /* Model.swift */; };
		0AA78CE11CA6E27200644D5C /* Services.swift in Sources */ = {isa = PBXBuildFile; fileRef = 0AA78CE01CA6E27200644D5C /* Services.swift */; };
		E9A4F9F5E465C2C017C824D6 /* Pods.framework in Frameworks */ = {isa = PBXBuildFile; fileRef = 4A72C957E7BA41E2D0B702C3 /* Pods.framework */; };
/* End PBXBuildFile section */

/* Begin PBXFileReference section */
		0AA78CC11CA6CBA700644D5C /* chatAssignment.app */ = {isa = PBXFileReference; explicitFileType = wrapper.application; includeInIndex = 0; path = chatAssignment.app; sourceTree = BUILT_PRODUCTS_DIR; };
		0AA78CC41CA6CBA700644D5C /* AppDelegate.swift */ = {isa = PBXFileReference; lastKnownFileType = sourcecode.swift; path = AppDelegate.swift; sourceTree = "<group>"; };
		0AA78CC61CA6CBA700644D5C /* ViewController.swift */ = {isa = PBXFileReference; lastKnownFileType = sourcecode.swift; path = ViewController.swift; sourceTree = "<group>"; };
		0AA78CC91CA6CBA700644D5C /* Base */ = {isa = PBXFileReference; lastKnownFileType = file.storyboard; name = Base; path = Base.lproj/Main.storyboard; sourceTree = "<group>"; };
		0AA78CCB1CA6CBA700644D5C /* Assets.xcassets */ = {isa = PBXFileReference; lastKnownFileType = folder.assetcatalog; path = Assets.xcassets; sourceTree = "<group>"; };
		0AA78CCE1CA6CBA700644D5C /* Base */ = {isa = PBXFileReference; lastKnownFileType = file.storyboard; name = Base; path = Base.lproj/LaunchScreen.storyboard; sourceTree = "<group>"; };
		0AA78CD01CA6CBA700644D5C /* Info.plist */ = {isa = PBXFileReference; lastKnownFileType = text.plist.xml; path = Info.plist; sourceTree = "<group>"; };
		0AA78CDA1CA6DB3500644D5C /* Boundaries.swift */ = {isa = PBXFileReference; fileEncoding = 4; lastKnownFileType = sourcecode.swift; path = Boundaries.swift; sourceTree = "<group>"; };
		0AA78CDC1CA6E05A00644D5C /* DisplayCell.swift */ = {isa = PBXFileReference; fileEncoding = 4; lastKnownFileType = sourcecode.swift; path = DisplayCell.swift; sourceTree = "<group>"; };
		0AA78CDE1CA6E0B500644D5C /* Model.swift */ = {isa = PBXFileReference; fileEncoding = 4; lastKnownFileType = sourcecode.swift; path = Model.swift; sourceTree = "<group>"; };
		0AA78CE01CA6E27200644D5C /* Services.swift */ = {isa = PBXFileReference; fileEncoding = 4; lastKnownFileType = sourcecode.swift; path = Services.swift; sourceTree = "<group>"; };
		4A72C957E7BA41E2D0B702C3 /* Pods.framework */ = {isa = PBXFileReference; explicitFileType = wrapper.framework; includeInIndex = 0; path = Pods.framework; sourceTree = BUILT_PRODUCTS_DIR; };
		98B6A3490A6E7F766EB33411 /* Pods.release.xcconfig */ = {isa = PBXFileReference; includeInIndex = 1; lastKnownFileType = text.xcconfig; name = Pods.release.xcconfig; path = "Pods/Target Support Files/Pods/Pods.release.xcconfig"; sourceTree = "<group>"; };
		EC5B32496FDF0F699BAE1CA2 /* Pods.debug.xcconfig */ = {isa = PBXFileReference; includeInIndex = 1; lastKnownFileType = text.xcconfig; name = Pods.debug.xcconfig; path = "Pods/Target Support Files/Pods/Pods.debug.xcconfig"; sourceTree = "<group>"; };
/* End PBXFileReference section */

/* Begin PBXFrameworksBuildPhase section */
		0AA78CBE1CA6CBA700644D5C /* Frameworks */ = {
			isa = PBXFrameworksBuildPhase;
			buildActionMask = 2147483647;
			files = (
				E9A4F9F5E465C2C017C824D6 /* Pods.framework in Frameworks */,
			);
			runOnlyForDeploymentPostprocessing = 0;
		};
/* End PBXFrameworksBuildPhase section */

/* Begin PBXGroup section */
		0AA78CB81CA6CBA700644D5C = {
			isa = PBXGroup;
			children = (
				0AA78CC31CA6CBA700644D5C /* chatAssignment */,
				0AA78CC21CA6CBA700644D5C /* Products */,
				5B7E7274B4987E33344B5EA9 /* Pods */,
				1933E96821328EFC2F760D9A /* Frameworks */,
			);
			sourceTree = "<group>";
		};
		0AA78CC21CA6CBA700644D5C /* Products */ = {
			isa = PBXGroup;
			children = (
				0AA78CC11CA6CBA700644D5C /* chatAssignment.app */,
			);
			name = Products;
			sourceTree = "<group>";
		};
		0AA78CC31CA6CBA700644D5C /* chatAssignment */ = {
			isa = PBXGroup;
			children = (
				0AA78CD91CA6CBE300644D5C /* Controller */,
				0AA78CD81CA6CBDA00644D5C /* Model */,
				0AA78CD71CA6CBD400644D5C /* View */,
				0AA78CD61CA6CBB500644D5C /* DataServices */,
				0AA78CC41CA6CBA700644D5C /* AppDelegate.swift */,
				0AA78CC81CA6CBA700644D5C /* Main.storyboard */,
				0AA78CCB1CA6CBA700644D5C /* Assets.xcassets */,
				0AA78CCD1CA6CBA700644D5C /* LaunchScreen.storyboard */,
				0AA78CD01CA6CBA700644D5C /* Info.plist */,
			);
			path = chatAssignment;
			sourceTree = "<group>";
		};
		0AA78CD61CA6CBB500644D5C /* DataServices */ = {
			isa = PBXGroup;
			children = (
				0AA78CE01CA6E27200644D5C /* Services.swift */,
			);
			name = DataServices;
			sourceTree = "<group>";
		};
		0AA78CD71CA6CBD400644D5C /* View */ = {
			isa = PBXGroup;
			children = (
				0AA78CDA1CA6DB3500644D5C /* Boundaries.swift */,
				0AA78CDC1CA6E05A00644D5C /* DisplayCell.swift */,
			);
			name = View;
			sourceTree = "<group>";
		};
		0AA78CD81CA6CBDA00644D5C /* Model */ = {
			isa = PBXGroup;
			children = (
				0AA78CDE1CA6E0B500644D5C /* Model.swift */,
			);
			name = Model;
			sourceTree = "<group>";
		};
		0AA78CD91CA6CBE300644D5C /* Controller */ = {
			isa = PBXGroup;
			children = (
				0AA78CC61CA6CBA700644D5C /* ViewController.swift */,
			);
			name = Controller;
			sourceTree = "<group>";
		};
		1933E96821328EFC2F760D9A /* Frameworks */ = {
			isa = PBXGroup;
			children = (
				4A72C957E7BA41E2D0B702C3 /* Pods.framework */,
			);
			name = Frameworks;
			sourceTree = "<group>";
		};
		5B7E7274B4987E33344B5EA9 /* Pods */ = {
			isa = PBXGroup;
			children = (
				EC5B32496FDF0F699BAE1CA2 /* Pods.debug.xcconfig */,
				98B6A3490A6E7F766EB33411 /* Pods.release.xcconfig */,
			);
			name = Pods;
			sourceTree = "<group>";
		};
/* End PBXGroup section */

/* Begin PBXNativeTarget section */
		0AA78CC01CA6CBA700644D5C /* chatAssignment */ = {
			isa = PBXNativeTarget;
			buildConfigurationList = 0AA78CD31CA6CBA700644D5C /* Build configuration list for PBXNativeTarget "chatAssignment" */;
			buildPhases = (
				3883B23F1BA1F2CB4E3F5340 /* Check Pods Manifest.lock */,
				0AA78CBD1CA6CBA700644D5C /* Sources */,
				0AA78CBE1CA6CBA700644D5C /* Frameworks */,
				0AA78CBF1CA6CBA700644D5C /* Resources */,
				DEB61614E66BB863B93E76D1 /* Embed Pods Frameworks */,
				3A39D620B4289798C082F8E5 /* Copy Pods Resources */,
			);
			buildRules = (
			);
			dependencies = (
			);
			name = chatAssignment;
			productName = chatAssignment;
			productReference = 0AA78CC11CA6CBA700644D5C /* chatAssignment.app */;
			productType = "com.apple.product-type.application";
		};
/* End PBXNativeTarget section */

/* Begin PBXProject section */
		0AA78CB91CA6CBA700644D5C /* Project object */ = {
			isa = PBXProject;
			attributes = {
				LastSwiftUpdateCheck = 0730;
				LastUpgradeCheck = 0730;
				ORGANIZATIONNAME = Bagga;
				TargetAttributes = {
					0AA78CC01CA6CBA700644D5C = {
						CreatedOnToolsVersion = 7.3;
					};
				};
			};
			buildConfigurationList = 0AA78CBC1CA6CBA700644D5C /* Build configuration list for PBXProject "chatAssignment" */;
			compatibilityVersion = "Xcode 3.2";
			developmentRegion = English;
			hasScannedForEncodings = 0;
			knownRegions = (
				en,
				Base,
			);
			mainGroup = 0AA78CB81CA6CBA700644D5C;
			productRefGroup = 0AA78CC21CA6CBA700644D5C /* Products */;
			projectDirPath = "";
			projectRoot = "";
			targets = (
				0AA78CC01CA6CBA700644D5C /* chatAssignment */,
			);
		};
/* End PBXProject section */

/* Begin PBXResourcesBuildPhase section */
		0AA78CBF1CA6CBA700644D5C /* Resources */ = {
			isa = PBXResourcesBuildPhase;
			buildActionMask = 2147483647;
			files = (
				0AA78CCF1CA6CBA700644D5C /* LaunchScreen.storyboard in Resources */,
				0AA78CCC1CA6CBA700644D5C /* Assets.xcassets in Resources */,
				0AA78CCA1CA6CBA700644D5C /* Main.storyboard in Resources */,
			);
			runOnlyForDeploymentPostprocessing = 0;
		};
/* End PBXResourcesBuildPhase section */

/* Begin PBXShellScriptBuildPhase section */
		3883B23F1BA1F2CB4E3F5340 /* Check Pods Manifest.lock */ = {
			isa = PBXShellScriptBuildPhase;
			buildActionMask = 2147483647;
			files = (
			);
			inputPaths = (
			);
			name = "Check Pods Manifest.lock";
			outputPaths = (
			);
			runOnlyForDeploymentPostprocessing = 0;
			shellPath = /bin/sh;
			shellScript = "diff \"${PODS_ROOT}/../Podfile.lock\" \"${PODS_ROOT}/Manifest.lock\" > /dev/null\nif [[ $? != 0 ]] ; then\n    cat << EOM\nerror: The sandbox is not in sync with the Podfile.lock. Run 'pod install' or update your CocoaPods installation.\nEOM\n    exit 1\nfi\n";
			showEnvVarsInLog = 0;
		};
		3A39D620B4289798C082F8E5 /* Copy Pods Resources */ = {
			isa = PBXShellScriptBuildPhase;
			buildActionMask = 2147483647;
			files = (
			);
			inputPaths = (
			);
			name = "Copy Pods Resources";
			outputPaths = (
			);
			runOnlyForDeploymentPostprocessing = 0;
			shellPath = /bin/sh;
			shellScript = "\"${SRCROOT}/Pods/Target Support Files/Pods/Pods-resources.sh\"\n";
			showEnvVarsInLog = 0;
		};
		DEB61614E66BB863B93E76D1 /* Embed Pods Frameworks */ = {
			isa = PBXShellScriptBuildPhase;
			buildActionMask = 2147483647;
			files = (
			);
			inputPaths = (
			);
			name = "Embed Pods Frameworks";
			outputPaths = (
			);
			runOnlyForDeploymentPostprocessing = 0;
			shellPath = /bin/sh;
			shellScript = "\"${SRCROOT}/Pods/Target Support Files/Pods/Pods-frameworks.sh\"\n";
			showEnvVarsInLog = 0;
		};
/* End PBXShellScriptBuildPhase section */

/* Begin PBXSourcesBuildPhase section */
		0AA78CBD1CA6CBA700644D5C /* Sources */ = {
			isa = PBXSourcesBuildPhase;
			buildActionMask = 2147483647;
			files = (
				0AA78CDF1CA6E0B500644D5C /* Model.swift in Sources */,
				0AA78CE11CA6E27200644D5C /* Services.swift in Sources */,
				0AA78CC71CA6CBA700644D5C /* ViewController.swift in Sources */,
				0AA78CDB1CA6DB3500644D5C /* Boundaries.swift in Sources */,
				0AA78CDD1CA6E05A00644D5C /* DisplayCell.swift in Sources */,
				0AA78CC51CA6CBA700644D5C /* AppDelegate.swift in Sources */,
			);
			runOnlyForDeploymentPostprocessing = 0;
		};
/* End PBXSourcesBuildPhase section */

/* Begin PBXVariantGroup section */
		0AA78CC81CA6CBA700644D5C /* Main.storyboard */ = {
			isa = PBXVariantGroup;
			children = (
				0AA78CC91CA6CBA700644D5C /* Base */,
			);
			name = Main.storyboard;
			sourceTree = "<group>";
		};
		0AA78CCD1CA6CBA700644D5C /* LaunchScreen.storyboard */ = {
			isa = PBXVariantGroup;
			children = (
				0AA78CCE1CA6CBA700644D5C /* Base */,
			);
			name = LaunchScreen.storyboard;
			sourceTree = "<group>";
		};
/* End PBXVariantGroup section */

/* Begin XCBuildConfiguration section */
		0AA78CD11CA6CBA700644D5C /* Debug */ = {
			isa = XCBuildConfiguration;
			buildSettings = {
				ALWAYS_SEARCH_USER_PATHS = NO;
				CLANG_ANALYZER_NONNULL = YES;
				CLANG_CXX_LANGUAGE_STANDARD = "gnu++0x";
				CLANG_CXX_LIBRARY = "libc++";
				CLANG_ENABLE_MODULES = YES;
				CLANG_ENABLE_OBJC_ARC = YES;
				CLANG_WARN_BOOL_CONVERSION = YES;
				CLANG_WARN_CONSTANT_CONVERSION = YES;
				CLANG_WARN_DIRECT_OBJC_ISA_USAGE = YES_ERROR;
				CLANG_WARN_EMPTY_BODY = YES;
				CLANG_WARN_ENUM_CONVERSION = YES;
				CLANG_WARN_INT_CONVERSION = YES;
				CLANG_WARN_OBJC_ROOT_CLASS = YES_ERROR;
				CLANG_WARN_UNREACHABLE_CODE = YES;
				CLANG_WARN__DUPLICATE_METHOD_MATCH = YES;
				"CODE_SIGN_IDENTITY[sdk=iphoneos*]" = "iPhone Developer";
				COPY_PHASE_STRIP = NO;
				DEBUG_INFORMATION_FORMAT = dwarf;
				ENABLE_STRICT_OBJC_MSGSEND = YES;
				ENABLE_TESTABILITY = YES;
				GCC_C_LANGUAGE_STANDARD = gnu99;
				GCC_DYNAMIC_NO_PIC = NO;
				GCC_NO_COMMON_BLOCKS = YES;
				GCC_OPTIMIZATION_LEVEL = 0;
				GCC_PREPROCESSOR_DEFINITIONS = (
					"DEBUG=1",
					"$(inherited)",
				);
				GCC_WARN_64_TO_32_BIT_CONVERSION = YES;
				GCC_WARN_ABOUT_RETURN_TYPE = YES_ERROR;
				GCC_WARN_UNDECLARED_SELECTOR = YES;
				GCC_WARN_UNINITIALIZED_AUTOS = YES_AGGRESSIVE;
				GCC_WARN_UNUSED_FUNCTION = YES;
				GCC_WARN_UNUSED_VARIABLE = YES;
				IPHONEOS_DEPLOYMENT_TARGET = 9.3;
				MTL_ENABLE_DEBUG_INFO = YES;
				ONLY_ACTIVE_ARCH = YES;
				SDKROOT = iphoneos;
				SWIFT_OPTIMIZATION_LEVEL = "-Onone";
				TARGETED_DEVICE_FAMILY = "1,2";
			};
			name = Debug;
		};
		0AA78CD21CA6CBA700644D5C /* Release */ = {
			isa = XCBuildConfiguration;
			buildSettings = {
				ALWAYS_SEARCH_USER_PATHS = NO;
				CLANG_ANALYZER_NONNULL = YES;
				CLANG_CXX_LANGUAGE_STANDARD = "gnu++0x";
				CLANG_CXX_LIBRARY = "libc++";
				CLANG_ENABLE_MODULES = YES;
				CLANG_ENABLE_OBJC_ARC = YES;
				CLANG_WARN_BOOL_CONVERSION = YES;
				CLANG_WARN_CONSTANT_CONVERSION = YES;
				CLANG_WARN_DIRECT_OBJC_ISA_USAGE = YES_ERROR;
				CLANG_WARN_EMPTY_BODY = YES;
				CLANG_WARN_ENUM_CONVERSION = YES;
				CLANG_WARN_INT_CONVERSION = YES;
				CLANG_WARN_OBJC_ROOT_CLASS = YES_ERROR;
				CLANG_WARN_UNREACHABLE_CODE = YES;
				CLANG_WARN__DUPLICATE_METHOD_MATCH = YES;
				"CODE_SIGN_IDENTITY[sdk=iphoneos*]" = "iPhone Developer";
				COPY_PHASE_STRIP = NO;
				DEBUG_INFORMATION_FORMAT = "dwarf-with-dsym";
				ENABLE_NS_ASSERTIONS = NO;
				ENABLE_STRICT_OBJC_MSGSEND = YES;
				GCC_C_LANGUAGE_STANDARD = gnu99;
				GCC_NO_COMMON_BLOCKS = YES;
				GCC_WARN_64_TO_32_BIT_CONVERSION = YES;
				GCC_WARN_ABOUT_RETURN_TYPE = YES_ERROR;
				GCC_WARN_UNDECLARED_SELECTOR = YES;
				GCC_WARN_UNINITIALIZED_AUTOS = YES_AGGRESSIVE;
				GCC_WARN_UNUSED_FUNCTION = YES;
				GCC_WARN_UNUSED_VARIABLE = YES;
				IPHONEOS_DEPLOYMENT_TARGET = 9.3;
				MTL_ENABLE_DEBUG_INFO = NO;
				SDKROOT = iphoneos;
				TARGETED_DEVICE_FAMILY = "1,2";
				VALIDATE_PRODUCT = YES;
			};
			name = Release;
		};
		0AA78CD41CA6CBA700644D5C /* Debug */ = {
			isa = XCBuildConfiguration;
			baseConfigurationReference = EC5B32496FDF0F699BAE1CA2 /* Pods.debug.xcconfig */;
			buildSettings = {
				ASSETCATALOG_COMPILER_APPICON_NAME = AppIcon;
				INFOPLIST_FILE = chatAssignment/Info.plist;
				LD_RUNPATH_SEARCH_PATHS = "$(inherited) @executable_path/Frameworks";
				PRODUCT_BUNDLE_IDENTIFIER = com.Bagga.chatAssignment;
				PRODUCT_NAME = "$(TARGET_NAME)";
			};
			name = Debug;
		};
		0AA78CD51CA6CBA700644D5C /* Release */ = {
			isa = XCBuildConfiguration;
			baseConfigurationReference = 98B6A3490A6E7F766EB33411 /* Pods.release.xcconfig */;
			buildSettings = {
				ASSETCATALOG_COMPILER_APPICON_NAME = AppIcon;
				INFOPLIST_FILE = chatAssignment/Info.plist;
				LD_RUNPATH_SEARCH_PATHS = "$(inherited) @executable_path/Frameworks";
				PRODUCT_BUNDLE_IDENTIFIER = com.Bagga.chatAssignment;
				PRODUCT_NAME = "$(TARGET_NAME)";
			};
			name = Release;
		};
/* End XCBuildConfiguration section */

/* Begin XCConfigurationList section */
		0AA78CBC1CA6CBA700644D5C /* Build configuration list for PBXProject "chatAssignment" */ = {
			isa = XCConfigurationList;
			buildConfigurations = (
				0AA78CD11CA6CBA700644D5C /* Debug */,
				0AA78CD21CA6CBA700644D5C /* Release */,
			);
			defaultConfigurationIsVisible = 0;
			defaultConfigurationName = Release;
		};
		0AA78CD31CA6CBA700644D5C /* Build configuration list for PBXNativeTarget "chatAssignment" */ = {
			isa = XCConfigurationList;
			buildConfigurations = (
				0AA78CD41CA6CBA700644D5C /* Debug */,
				0AA78CD51CA6CBA700644D5C /* Release */,
			);
			defaultConfigurationIsVisible = 0;
			defaultConfigurationName = Release;
		};
/* End XCConfigurationList section */
	};
	rootObject = 0AA78CB91CA6CBA700644D5C /* Project object */;
}
